// !$*UTF8*$!
{
	archiveVersion = 1;
	classes = {
	};
	objectVersion = 45;
	objects = {

/* Begin PBXBuildFile section */
		1D3623260D0F684500981E51 /* MYCrypto_iPhoneAppDelegate.m in Sources */ = {isa = PBXBuildFile; fileRef = 1D3623250D0F684500981E51 /* MYCrypto_iPhoneAppDelegate.m */; };
		1D60589B0D05DD56006BFB54 /* MYCrypto_iPhone_main.m in Sources */ = {isa = PBXBuildFile; fileRef = 29B97316FDCFA39411CA2CEA /* MYCrypto_iPhone_main.m */; };
		1D60589F0D05DD5A006BFB54 /* Foundation.framework in Frameworks */ = {isa = PBXBuildFile; fileRef = 1D30AB110D05D00D00671497 /* Foundation.framework */; };
		1DF5F4E00D08C38300B7A737 /* UIKit.framework in Frameworks */ = {isa = PBXBuildFile; fileRef = 1DF5F4DF0D08C38300B7A737 /* UIKit.framework */; };
		27059CF30F8F0F9200A8422F /* MYIdentity.m in Sources */ = {isa = PBXBuildFile; fileRef = 27059CF20F8F0F9200A8422F /* MYIdentity.m */; };
		273392120F8283B8009414D9 /* MYKeychain-iPhone.m in Sources */ = {isa = PBXBuildFile; fileRef = 273392110F8283B8009414D9 /* MYKeychain-iPhone.m */; };
		274110090F99234100AD413F /* MYSymmetricKey-iPhone.m in Sources */ = {isa = PBXBuildFile; fileRef = 274110080F99234100AD413F /* MYSymmetricKey-iPhone.m */; };
		2748607F0F8D5E0600FE617B /* MYPrivateKey.m in Sources */ = {isa = PBXBuildFile; fileRef = 2748607E0F8D5E0600FE617B /* MYPrivateKey.m */; };
		275D9FEF0FD8795300D85A86 /* MYASN1Object.m in Sources */ = {isa = PBXBuildFile; fileRef = 275D9FE60FD8795300D85A86 /* MYASN1Object.m */; };
		275D9FF00FD8795300D85A86 /* MYBERParser.m in Sources */ = {isa = PBXBuildFile; fileRef = 275D9FE80FD8795300D85A86 /* MYBERParser.m */; };
		275D9FF10FD8795300D85A86 /* MYDEREncoder.m in Sources */ = {isa = PBXBuildFile; fileRef = 275D9FEA0FD8795300D85A86 /* MYDEREncoder.m */; };
		275D9FF20FD8795300D85A86 /* MYOID.m in Sources */ = {isa = PBXBuildFile; fileRef = 275D9FEC0FD8795300D85A86 /* MYOID.m */; };
		275ED90F0FDF8C22006A371D /* selfsigned_altered.cer in Resources */ = {isa = PBXBuildFile; fileRef = 275ED90E0FDF8C22006A371D /* selfsigned_altered.cer */; };
		276FB13F0F84090900CB326E /* Security.framework in Frameworks */ = {isa = PBXBuildFile; fileRef = 276FB13E0F84090900CB326E /* Security.framework */; };
		276FB16E0F84152B00CB326E /* MYCryptoTest.m in Sources */ = {isa = PBXBuildFile; fileRef = 276FB16D0F84152B00CB326E /* MYCryptoTest.m */; };
		276FB3190F856AA700CB326E /* MYPublicKey.m in Sources */ = {isa = PBXBuildFile; fileRef = 276FB3180F856AA700CB326E /* MYPublicKey.m */; };
		276FB33B0F856ACB00CB326E /* MYKeychain.m in Sources */ = {isa = PBXBuildFile; fileRef = 276FB33A0F856ACB00CB326E /* MYKeychain.m */; };
		276FB34B0F856CA400CB326E /* MYCertificate.m in Sources */ = {isa = PBXBuildFile; fileRef = 276FB34A0F856CA400CB326E /* MYCertificate.m */; };
		278CA5320FE6A5D600296E91 /* MYCertificateTest.m in Sources */ = {isa = PBXBuildFile; fileRef = 278CA5310FE6A5D600296E91 /* MYCertificateTest.m */; };
		27958CA30FDB5F8F00095275 /* iphonedev.cer in Resources */ = {isa = PBXBuildFile; fileRef = 27958CA10FDB5F8F00095275 /* iphonedev.cer */; };
		27958CA40FDB5F8F00095275 /* selfsigned.cer in Resources */ = {isa = PBXBuildFile; fileRef = 27958CA20FDB5F8F00095275 /* selfsigned.cer */; };
		27A430120F87C6C10063D362 /* MYKey.m in Sources */ = {isa = PBXBuildFile; fileRef = 27E823110F81D56E0019BE60 /* MYKey.m */; };
		27A430140F87C6D50063D362 /* MYSymmetricKey.m in Sources */ = {isa = PBXBuildFile; fileRef = 27A430130F87C6D50063D362 /* MYSymmetricKey.m */; };
		27CD85DD0FDB1A82006BCB47 /* MYCertificateInfo.m in Sources */ = {isa = PBXBuildFile; fileRef = 27CD85DC0FDB1A82006BCB47 /* MYCertificateInfo.m */; };
		27E3A6AA0F91B8B30079D4D9 /* MYCryptor.m in Sources */ = {isa = PBXBuildFile; fileRef = 27E3A6A70F91B8B30079D4D9 /* MYCryptor.m */; };
		27E823240F81D56E0019BE60 /* MYKeychainItem.m in Sources */ = {isa = PBXBuildFile; fileRef = 27E823150F81D56E0019BE60 /* MYKeychainItem.m */; };
		27E823270F81D56E0019BE60 /* MYDigest.m in Sources */ = {isa = PBXBuildFile; fileRef = 27E8231C0F81D56E0019BE60 /* MYDigest.m */; };
		27E823290F81D56E0019BE60 /* MYCrypto.xcconfig in Resources */ = {isa = PBXBuildFile; fileRef = 27E8231E0F81D56E0019BE60 /* MYCrypto.xcconfig */; };
		27E8232A0F81D56E0019BE60 /* MYCrypto_Debug.xcconfig in Resources */ = {isa = PBXBuildFile; fileRef = 27E8231F0F81D56E0019BE60 /* MYCrypto_Debug.xcconfig */; };
		27E823370F81D5760019BE60 /* CollectionUtils.m in Sources */ = {isa = PBXBuildFile; fileRef = 27E8232D0F81D5760019BE60 /* CollectionUtils.m */; };
		27E823380F81D5760019BE60 /* ExceptionUtils.m in Sources */ = {isa = PBXBuildFile; fileRef = 27E8232F0F81D5760019BE60 /* ExceptionUtils.m */; };
		27E823390F81D5760019BE60 /* Logging.m in Sources */ = {isa = PBXBuildFile; fileRef = 27E823310F81D5760019BE60 /* Logging.m */; };
		27E8233A0F81D5760019BE60 /* Test.m in Sources */ = {isa = PBXBuildFile; fileRef = 27E823330F81D5760019BE60 /* Test.m */; };
		27E8233B0F81D5760019BE60 /* MYErrorUtils.m in Sources */ = {isa = PBXBuildFile; fileRef = 27E823350F81D5760019BE60 /* MYErrorUtils.m */; };
		27E8233C0F81D5760019BE60 /* MYError_CSSMErrorDomain.strings in Resources */ = {isa = PBXBuildFile; fileRef = 27E823360F81D5760019BE60 /* MYError_CSSMErrorDomain.strings */; };
		27FE453F0F87CC8500A86D63 /* MYKey-iPhone.m in Sources */ = {isa = PBXBuildFile; fileRef = 27FE453E0F87CC8500A86D63 /* MYKey-iPhone.m */; };
		288765FD0DF74451002DB57D /* CoreGraphics.framework in Frameworks */ = {isa = PBXBuildFile; fileRef = 288765FC0DF74451002DB57D /* CoreGraphics.framework */; };
		28AD733F0D9D9553002E5188 /* MainWindow.xib in Resources */ = {isa = PBXBuildFile; fileRef = 28AD733E0D9D9553002E5188 /* MainWindow.xib */; };
/* End PBXBuildFile section */

/* Begin PBXFileReference section */
		1D30AB110D05D00D00671497 /* Foundation.framework */ = {isa = PBXFileReference; lastKnownFileType = wrapper.framework; name = Foundation.framework; path = System/Library/Frameworks/Foundation.framework; sourceTree = SDKROOT; };
		1D3623240D0F684500981E51 /* MYCrypto_iPhoneAppDelegate.h */ = {isa = PBXFileReference; fileEncoding = 4; lastKnownFileType = sourcecode.c.h; path = MYCrypto_iPhoneAppDelegate.h; sourceTree = "<group>"; };
		1D3623250D0F684500981E51 /* MYCrypto_iPhoneAppDelegate.m */ = {isa = PBXFileReference; fileEncoding = 4; lastKnownFileType = sourcecode.c.objc; path = MYCrypto_iPhoneAppDelegate.m; sourceTree = "<group>"; };
		1D6058910D05DD3D006BFB54 /* MYCrypto-iPhone.app */ = {isa = PBXFileReference; explicitFileType = wrapper.application; includeInIndex = 0; path = "MYCrypto-iPhone.app"; sourceTree = BUILT_PRODUCTS_DIR; };
		1DF5F4DF0D08C38300B7A737 /* UIKit.framework */ = {isa = PBXFileReference; lastKnownFileType = wrapper.framework; name = UIKit.framework; path = System/Library/Frameworks/UIKit.framework; sourceTree = SDKROOT; };
		27059CF10F8F0F8E00A8422F /* MYIdentity.h */ = {isa = PBXFileReference; fileEncoding = 4; lastKnownFileType = sourcecode.c.h; path = MYIdentity.h; sourceTree = "<group>"; };
		27059CF20F8F0F9200A8422F /* MYIdentity.m */ = {isa = PBXFileReference; fileEncoding = 4; lastKnownFileType = sourcecode.c.objc; path = MYIdentity.m; sourceTree = "<group>"; };
		2726AF890FE19BE8006C55F7 /* MYCrypto_Prefix.pch */ = {isa = PBXFileReference; fileEncoding = 4; lastKnownFileType = sourcecode.c.h; path = MYCrypto_Prefix.pch; sourceTree = "<group>"; };
		2726AF910FE19C5A006C55F7 /* MYUtilities_Prefix.pch */ = {isa = PBXFileReference; fileEncoding = 4; lastKnownFileType = sourcecode.c.h; name = MYUtilities_Prefix.pch; path = ../MYUtilities/MYUtilities_Prefix.pch; sourceTree = SOURCE_ROOT; };
		273392110F8283B8009414D9 /* MYKeychain-iPhone.m */ = {isa = PBXFileReference; fileEncoding = 4; lastKnownFileType = sourcecode.c.objc; path = "MYKeychain-iPhone.m"; sourceTree = "<group>"; };
		274110080F99234100AD413F /* MYSymmetricKey-iPhone.m */ = {isa = PBXFileReference; fileEncoding = 4; lastKnownFileType = sourcecode.c.objc; path = "MYSymmetricKey-iPhone.m"; sourceTree = "<group>"; };
		2748607D0F8D5DF200FE617B /* MYPrivateKey.h */ = {isa = PBXFileReference; fileEncoding = 4; lastKnownFileType = sourcecode.c.h; path = MYPrivateKey.h; sourceTree = "<group>"; };
		2748607E0F8D5E0600FE617B /* MYPrivateKey.m */ = {isa = PBXFileReference; fileEncoding = 4; lastKnownFileType = sourcecode.c.objc; path = MYPrivateKey.m; sourceTree = "<group>"; };
		275D9FE50FD8795300D85A86 /* MYASN1Object.h */ = {isa = PBXFileReference; fileEncoding = 4; lastKnownFileType = sourcecode.c.h; path = MYASN1Object.h; sourceTree = "<group>"; };
		275D9FE60FD8795300D85A86 /* MYASN1Object.m */ = {isa = PBXFileReference; fileEncoding = 4; lastKnownFileType = sourcecode.c.objc; path = MYASN1Object.m; sourceTree = "<group>"; };
		275D9FE70FD8795300D85A86 /* MYBERParser.h */ = {isa = PBXFileReference; fileEncoding = 4; lastKnownFileType = sourcecode.c.h; path = MYBERParser.h; sourceTree = "<group>"; };
		275D9FE80FD8795300D85A86 /* MYBERParser.m */ = {isa = PBXFileReference; fileEncoding = 4; lastKnownFileType = sourcecode.c.objc; path = MYBERParser.m; sourceTree = "<group>"; };
		275D9FE90FD8795300D85A86 /* MYDEREncoder.h */ = {isa = PBXFileReference; fileEncoding = 4; lastKnownFileType = sourcecode.c.h; path = MYDEREncoder.h; sourceTree = "<group>"; };
		275D9FEA0FD8795300D85A86 /* MYDEREncoder.m */ = {isa = PBXFileReference; fileEncoding = 4; lastKnownFileType = sourcecode.c.objc; path = MYDEREncoder.m; sourceTree = "<group>"; };
		275D9FEB0FD8795300D85A86 /* MYOID.h */ = {isa = PBXFileReference; fileEncoding = 4; lastKnownFileType = sourcecode.c.h; path = MYOID.h; sourceTree = "<group>"; };
		275D9FEC0FD8795300D85A86 /* MYOID.m */ = {isa = PBXFileReference; fileEncoding = 4; lastKnownFileType = sourcecode.c.objc; path = MYOID.m; sourceTree = "<group>"; };
		275ED90E0FDF8C22006A371D /* selfsigned_altered.cer */ = {isa = PBXFileReference; lastKnownFileType = file; name = selfsigned_altered.cer; path = Tests/selfsigned_altered.cer; sourceTree = "<group>"; };
		276FB13E0F84090900CB326E /* Security.framework */ = {isa = PBXFileReference; lastKnownFileType = wrapper.framework; name = Security.framework; path = System/Library/Frameworks/Security.framework; sourceTree = SDKROOT; };
		276FB16D0F84152B00CB326E /* MYCryptoTest.m */ = {isa = PBXFileReference; fileEncoding = 4; lastKnownFileType = sourcecode.c.objc; path = MYCryptoTest.m; sourceTree = "<group>"; };
		276FB3180F856AA700CB326E /* MYPublicKey.m */ = {isa = PBXFileReference; fileEncoding = 4; lastKnownFileType = sourcecode.c.objc; path = MYPublicKey.m; sourceTree = "<group>"; };
		276FB33A0F856ACB00CB326E /* MYKeychain.m */ = {isa = PBXFileReference; fileEncoding = 4; lastKnownFileType = sourcecode.c.objc; path = MYKeychain.m; sourceTree = "<group>"; };
		276FB34A0F856CA400CB326E /* MYCertificate.m */ = {isa = PBXFileReference; fileEncoding = 4; lastKnownFileType = sourcecode.c.objc; path = MYCertificate.m; sourceTree = "<group>"; };
		278CA5310FE6A5D600296E91 /* MYCertificateTest.m */ = {isa = PBXFileReference; fileEncoding = 4; lastKnownFileType = sourcecode.c.objc; path = MYCertificateTest.m; sourceTree = "<group>"; };
		27958CA10FDB5F8F00095275 /* iphonedev.cer */ = {isa = PBXFileReference; lastKnownFileType = file; name = iphonedev.cer; path = Tests/iphonedev.cer; sourceTree = "<group>"; };
		27958CA20FDB5F8F00095275 /* selfsigned.cer */ = {isa = PBXFileReference; lastKnownFileType = file; name = selfsigned.cer; path = Tests/selfsigned.cer; sourceTree = "<group>"; };
		27A430130F87C6D50063D362 /* MYSymmetricKey.m */ = {isa = PBXFileReference; fileEncoding = 4; lastKnownFileType = sourcecode.c.objc; path = MYSymmetricKey.m; sourceTree = "<group>"; };
		27A430150F87C6DB0063D362 /* MYSymmetricKey.h */ = {isa = PBXFileReference; fileEncoding = 4; lastKnownFileType = sourcecode.c.h; path = MYSymmetricKey.h; sourceTree = "<group>"; };
		27AAD9710F8927DB0064DD7C /* MYCryptoConfig.h */ = {isa = PBXFileReference; fileEncoding = 4; lastKnownFileType = sourcecode.c.h; path = MYCryptoConfig.h; sourceTree = "<group>"; };
		27CD85DB0FDB1A7D006BCB47 /* MYCertificateInfo.h */ = {isa = PBXFileReference; fileEncoding = 4; lastKnownFileType = sourcecode.c.h; path = MYCertificateInfo.h; sourceTree = "<group>"; };
		27CD85DC0FDB1A82006BCB47 /* MYCertificateInfo.m */ = {isa = PBXFileReference; fileEncoding = 4; lastKnownFileType = sourcecode.c.objc; path = MYCertificateInfo.m; sourceTree = "<group>"; };
		27E3A6A60F91B8B30079D4D9 /* MYCryptor.h */ = {isa = PBXFileReference; fileEncoding = 4; lastKnownFileType = sourcecode.c.h; path = MYCryptor.h; sourceTree = "<group>"; };
		27E3A6A70F91B8B30079D4D9 /* MYCryptor.m */ = {isa = PBXFileReference; fileEncoding = 4; lastKnownFileType = sourcecode.c.objc; path = MYCryptor.m; sourceTree = "<group>"; };
		27E8230C0F81D56E0019BE60 /* MYCertificate.h */ = {isa = PBXFileReference; fileEncoding = 4; lastKnownFileType = sourcecode.c.h; path = MYCertificate.h; sourceTree = "<group>"; };
		27E823100F81D56E0019BE60 /* MYKey.h */ = {isa = PBXFileReference; fileEncoding = 4; lastKnownFileType = sourcecode.c.h; path = MYKey.h; sourceTree = "<group>"; };
		27E823110F81D56E0019BE60 /* MYKey.m */ = {isa = PBXFileReference; fileEncoding = 4; lastKnownFileType = sourcecode.c.objc; path = MYKey.m; sourceTree = "<group>"; };
		27E823120F81D56E0019BE60 /* MYKeychain.h */ = {isa = PBXFileReference; fileEncoding = 4; lastKnownFileType = sourcecode.c.h; path = MYKeychain.h; sourceTree = "<group>"; };
		27E823140F81D56E0019BE60 /* MYKeychainItem.h */ = {isa = PBXFileReference; fileEncoding = 4; lastKnownFileType = sourcecode.c.h; path = MYKeychainItem.h; sourceTree = "<group>"; };
		27E823150F81D56E0019BE60 /* MYKeychainItem.m */ = {isa = PBXFileReference; fileEncoding = 4; lastKnownFileType = sourcecode.c.objc; path = MYKeychainItem.m; sourceTree = "<group>"; };
		27E823180F81D56E0019BE60 /* MYPublicKey.h */ = {isa = PBXFileReference; fileEncoding = 4; lastKnownFileType = sourcecode.c.h; path = MYPublicKey.h; sourceTree = "<group>"; };
		27E8231A0F81D56E0019BE60 /* MYCrypto_Private.h */ = {isa = PBXFileReference; fileEncoding = 4; lastKnownFileType = sourcecode.c.h; path = MYCrypto_Private.h; sourceTree = "<group>"; };
		27E8231B0F81D56E0019BE60 /* MYDigest.h */ = {isa = PBXFileReference; fileEncoding = 4; lastKnownFileType = sourcecode.c.h; path = MYDigest.h; sourceTree = "<group>"; };
		27E8231C0F81D56E0019BE60 /* MYDigest.m */ = {isa = PBXFileReference; fileEncoding = 4; lastKnownFileType = sourcecode.c.objc; path = MYDigest.m; sourceTree = "<group>"; };
		27E8231E0F81D56E0019BE60 /* MYCrypto.xcconfig */ = {isa = PBXFileReference; fileEncoding = 4; lastKnownFileType = text.xcconfig; path = MYCrypto.xcconfig; sourceTree = "<group>"; };
		27E8231F0F81D56E0019BE60 /* MYCrypto_Debug.xcconfig */ = {isa = PBXFileReference; fileEncoding = 4; lastKnownFileType = text.xcconfig; path = MYCrypto_Debug.xcconfig; sourceTree = "<group>"; };
		27E8232C0F81D5760019BE60 /* CollectionUtils.h */ = {isa = PBXFileReference; fileEncoding = 4; lastKnownFileType = sourcecode.c.h; name = CollectionUtils.h; path = ../MYUtilities/CollectionUtils.h; sourceTree = SOURCE_ROOT; };
		27E8232D0F81D5760019BE60 /* CollectionUtils.m */ = {isa = PBXFileReference; fileEncoding = 4; lastKnownFileType = sourcecode.c.objc; name = CollectionUtils.m; path = ../MYUtilities/CollectionUtils.m; sourceTree = SOURCE_ROOT; };
		27E8232E0F81D5760019BE60 /* ExceptionUtils.h */ = {isa = PBXFileReference; fileEncoding = 4; lastKnownFileType = sourcecode.c.h; name = ExceptionUtils.h; path = ../MYUtilities/ExceptionUtils.h; sourceTree = SOURCE_ROOT; };
		27E8232F0F81D5760019BE60 /* ExceptionUtils.m */ = {isa = PBXFileReference; fileEncoding = 4; lastKnownFileType = sourcecode.c.objc; name = ExceptionUtils.m; path = ../MYUtilities/ExceptionUtils.m; sourceTree = SOURCE_ROOT; };
		27E823300F81D5760019BE60 /* Logging.h */ = {isa = PBXFileReference; fileEncoding = 4; lastKnownFileType = sourcecode.c.h; name = Logging.h; path = ../MYUtilities/Logging.h; sourceTree = SOURCE_ROOT; };
		27E823310F81D5760019BE60 /* Logging.m */ = {isa = PBXFileReference; fileEncoding = 4; lastKnownFileType = sourcecode.c.objc; name = Logging.m; path = ../MYUtilities/Logging.m; sourceTree = SOURCE_ROOT; };
		27E823320F81D5760019BE60 /* Test.h */ = {isa = PBXFileReference; fileEncoding = 4; lastKnownFileType = sourcecode.c.h; name = Test.h; path = ../MYUtilities/Test.h; sourceTree = SOURCE_ROOT; };
		27E823330F81D5760019BE60 /* Test.m */ = {isa = PBXFileReference; fileEncoding = 4; lastKnownFileType = sourcecode.c.objc; name = Test.m; path = ../MYUtilities/Test.m; sourceTree = SOURCE_ROOT; };
		27E823340F81D5760019BE60 /* MYErrorUtils.h */ = {isa = PBXFileReference; fileEncoding = 4; lastKnownFileType = sourcecode.c.h; name = MYErrorUtils.h; path = ../MYUtilities/MYErrorUtils.h; sourceTree = SOURCE_ROOT; };
		27E823350F81D5760019BE60 /* MYErrorUtils.m */ = {isa = PBXFileReference; fileEncoding = 4; lastKnownFileType = sourcecode.c.objc; name = MYErrorUtils.m; path = ../MYUtilities/MYErrorUtils.m; sourceTree = SOURCE_ROOT; };
		27E823360F81D5760019BE60 /* MYError_CSSMErrorDomain.strings */ = {isa = PBXFileReference; fileEncoding = 4; lastKnownFileType = text.plist.strings; name = MYError_CSSMErrorDomain.strings; path = ../MYUtilities/MYError_CSSMErrorDomain.strings; sourceTree = SOURCE_ROOT; };
		27FE453E0F87CC8500A86D63 /* MYKey-iPhone.m */ = {isa = PBXFileReference; fileEncoding = 4; lastKnownFileType = sourcecode.c.objc; path = "MYKey-iPhone.m"; sourceTree = "<group>"; };
		288765FC0DF74451002DB57D /* CoreGraphics.framework */ = {isa = PBXFileReference; lastKnownFileType = wrapper.framework; name = CoreGraphics.framework; path = System/Library/Frameworks/CoreGraphics.framework; sourceTree = SDKROOT; };
		28AD733E0D9D9553002E5188 /* MainWindow.xib */ = {isa = PBXFileReference; lastKnownFileType = file.xib; path = MainWindow.xib; sourceTree = "<group>"; };
		29B97316FDCFA39411CA2CEA /* MYCrypto_iPhone_main.m */ = {isa = PBXFileReference; fileEncoding = 4; lastKnownFileType = sourcecode.c.objc; path = MYCrypto_iPhone_main.m; sourceTree = "<group>"; };
		8D1107310486CEB800E47090 /* MYCrypto_iPhone-Info.plist */ = {isa = PBXFileReference; fileEncoding = 4; lastKnownFileType = text.plist.xml; path = "MYCrypto_iPhone-Info.plist"; plistStructureDefinitionIdentifier = "com.apple.xcode.plist.structure-definition.iphone.info-plist"; sourceTree = "<group>"; };
/* End PBXFileReference section */

/* Begin PBXFrameworksBuildPhase section */
		1D60588F0D05DD3D006BFB54 /* Frameworks */ = {
			isa = PBXFrameworksBuildPhase;
			buildActionMask = 2147483647;
			files = (
				1D60589F0D05DD5A006BFB54 /* Foundation.framework in Frameworks */,
				1DF5F4E00D08C38300B7A737 /* UIKit.framework in Frameworks */,
				288765FD0DF74451002DB57D /* CoreGraphics.framework in Frameworks */,
				276FB13F0F84090900CB326E /* Security.framework in Frameworks */,
			);
			runOnlyForDeploymentPostprocessing = 0;
		};
/* End PBXFrameworksBuildPhase section */

/* Begin PBXGroup section */
		080E96DDFE201D6D7F000001 /* iPhone */ = {
			isa = PBXGroup;
			children = (
				1D3623240D0F684500981E51 /* MYCrypto_iPhoneAppDelegate.h */,
				1D3623250D0F684500981E51 /* MYCrypto_iPhoneAppDelegate.m */,
				29B97316FDCFA39411CA2CEA /* MYCrypto_iPhone_main.m */,
				28AD733E0D9D9553002E5188 /* MainWindow.xib */,
				8D1107310486CEB800E47090 /* MYCrypto_iPhone-Info.plist */,
			);
			path = iPhone;
			sourceTree = "<group>";
		};
		19C28FACFE9D520D11CA2CBB /* Products */ = {
			isa = PBXGroup;
			children = (
				1D6058910D05DD3D006BFB54 /* MYCrypto-iPhone.app */,
			);
			name = Products;
			sourceTree = "<group>";
		};
		275D9FE00FD8795300D85A86 /* Certificates */ = {
			isa = PBXGroup;
			children = (
				27CD85DB0FDB1A7D006BCB47 /* MYCertificateInfo.h */,
				27CD85DC0FDB1A82006BCB47 /* MYCertificateInfo.m */,
				278CA5310FE6A5D600296E91 /* MYCertificateTest.m */,
				275D9FE50FD8795300D85A86 /* MYASN1Object.h */,
				275D9FE60FD8795300D85A86 /* MYASN1Object.m */,
				275D9FE70FD8795300D85A86 /* MYBERParser.h */,
				275D9FE80FD8795300D85A86 /* MYBERParser.m */,
				275D9FE90FD8795300D85A86 /* MYDEREncoder.h */,
				275D9FEA0FD8795300D85A86 /* MYDEREncoder.m */,
				275D9FEB0FD8795300D85A86 /* MYOID.h */,
				275D9FEC0FD8795300D85A86 /* MYOID.m */,
				27958CA10FDB5F8F00095275 /* iphonedev.cer */,
				27958CA20FDB5F8F00095275 /* selfsigned.cer */,
				275ED90E0FDF8C22006A371D /* selfsigned_altered.cer */,
			);
			name = Certificates;
			sourceTree = "<group>";
		};
		27E3A6A10F91B8B30079D4D9 /* Encryption */ = {
			isa = PBXGroup;
			children = (
				27E3A6A60F91B8B30079D4D9 /* MYCryptor.h */,
				27E3A6A70F91B8B30079D4D9 /* MYCryptor.m */,
			);
			name = Encryption;
			sourceTree = "<group>";
		};
		27E8230B0F81D56E0019BE60 /* Source */ = {
			isa = PBXGroup;
			children = (
				27AAD9710F8927DB0064DD7C /* MYCryptoConfig.h */,
				27E8230C0F81D56E0019BE60 /* MYCertificate.h */,
				276FB34A0F856CA400CB326E /* MYCertificate.m */,
				27059CF10F8F0F8E00A8422F /* MYIdentity.h */,
				27059CF20F8F0F9200A8422F /* MYIdentity.m */,
				27E823100F81D56E0019BE60 /* MYKey.h */,
				27E823110F81D56E0019BE60 /* MYKey.m */,
				27FE453E0F87CC8500A86D63 /* MYKey-iPhone.m */,
				27E823120F81D56E0019BE60 /* MYKeychain.h */,
				276FB33A0F856ACB00CB326E /* MYKeychain.m */,
				273392110F8283B8009414D9 /* MYKeychain-iPhone.m */,
				27E823140F81D56E0019BE60 /* MYKeychainItem.h */,
				27E823150F81D56E0019BE60 /* MYKeychainItem.m */,
				2748607D0F8D5DF200FE617B /* MYPrivateKey.h */,
				2748607E0F8D5E0600FE617B /* MYPrivateKey.m */,
				27E823180F81D56E0019BE60 /* MYPublicKey.h */,
				276FB3180F856AA700CB326E /* MYPublicKey.m */,
				27A430150F87C6DB0063D362 /* MYSymmetricKey.h */,
				27A430130F87C6D50063D362 /* MYSymmetricKey.m */,
				274110080F99234100AD413F /* MYSymmetricKey-iPhone.m */,
				27E8231B0F81D56E0019BE60 /* MYDigest.h */,
				27E8231C0F81D56E0019BE60 /* MYDigest.m */,
				27E8231A0F81D56E0019BE60 /* MYCrypto_Private.h */,
				276FB16D0F84152B00CB326E /* MYCryptoTest.m */,
				2726AF890FE19BE8006C55F7 /* MYCrypto_Prefix.pch */,
				2726AF910FE19C5A006C55F7 /* MYUtilities_Prefix.pch */,
				27E8231E0F81D56E0019BE60 /* MYCrypto.xcconfig */,
				27E8231F0F81D56E0019BE60 /* MYCrypto_Debug.xcconfig */,
			);
			name = Source;
			sourceTree = "<group>";
		};
		27E8232B0F81D5760019BE60 /* MYUtilities */ = {
			isa = PBXGroup;
			children = (
				27E8232C0F81D5760019BE60 /* CollectionUtils.h */,
				27E8232D0F81D5760019BE60 /* CollectionUtils.m */,
				27E8232E0F81D5760019BE60 /* ExceptionUtils.h */,
				27E8232F0F81D5760019BE60 /* ExceptionUtils.m */,
				27E823300F81D5760019BE60 /* Logging.h */,
				27E823310F81D5760019BE60 /* Logging.m */,
				27E823320F81D5760019BE60 /* Test.h */,
				27E823330F81D5760019BE60 /* Test.m */,
				27E823340F81D5760019BE60 /* MYErrorUtils.h */,
				27E823350F81D5760019BE60 /* MYErrorUtils.m */,
				27E823360F81D5760019BE60 /* MYError_CSSMErrorDomain.strings */,
			);
			name = MYUtilities;
			sourceTree = "<group>";
		};
		29B97314FDCFA39411CA2CEA /* CustomTemplate */ = {
			isa = PBXGroup;
			children = (
				27E8230B0F81D56E0019BE60 /* Source */,
				27E3A6A10F91B8B30079D4D9 /* Encryption */,
				275D9FE00FD8795300D85A86 /* Certificates */,
				27E8232B0F81D5760019BE60 /* MYUtilities */,
				080E96DDFE201D6D7F000001 /* iPhone */,
				29B97323FDCFA39411CA2CEA /* Frameworks */,
				19C28FACFE9D520D11CA2CBB /* Products */,
				276FB13E0F84090900CB326E /* Security.framework */,
			);
			name = CustomTemplate;
			sourceTree = "<group>";
		};
		29B97323FDCFA39411CA2CEA /* Frameworks */ = {
			isa = PBXGroup;
			children = (
				1DF5F4DF0D08C38300B7A737 /* UIKit.framework */,
				1D30AB110D05D00D00671497 /* Foundation.framework */,
				288765FC0DF74451002DB57D /* CoreGraphics.framework */,
			);
			name = Frameworks;
			sourceTree = "<group>";
		};
/* End PBXGroup section */

/* Begin PBXNativeTarget section */
		1D6058900D05DD3D006BFB54 /* MYCrypto-iPhone */ = {
			isa = PBXNativeTarget;
			buildConfigurationList = 1D6058960D05DD3E006BFB54 /* Build configuration list for PBXNativeTarget "MYCrypto-iPhone" */;
			buildPhases = (
				1D60588D0D05DD3D006BFB54 /* Resources */,
				1D60588E0D05DD3D006BFB54 /* Sources */,
				1D60588F0D05DD3D006BFB54 /* Frameworks */,
			);
			buildRules = (
			);
			dependencies = (
			);
			name = "MYCrypto-iPhone";
			productName = "MYCrypto-iPhone";
			productReference = 1D6058910D05DD3D006BFB54 /* MYCrypto-iPhone.app */;
			productType = "com.apple.product-type.application";
		};
/* End PBXNativeTarget section */

/* Begin PBXProject section */
		29B97313FDCFA39411CA2CEA /* Project object */ = {
			isa = PBXProject;
			buildConfigurationList = C01FCF4E08A954540054247B /* Build configuration list for PBXProject "MYCrypto-iPhone" */;
			compatibilityVersion = "Xcode 3.1";
			hasScannedForEncodings = 1;
			mainGroup = 29B97314FDCFA39411CA2CEA /* CustomTemplate */;
			projectDirPath = "";
			projectRoot = "";
			targets = (
				1D6058900D05DD3D006BFB54 /* MYCrypto-iPhone */,
			);
		};
/* End PBXProject section */

/* Begin PBXResourcesBuildPhase section */
		1D60588D0D05DD3D006BFB54 /* Resources */ = {
			isa = PBXResourcesBuildPhase;
			buildActionMask = 2147483647;
			files = (
				28AD733F0D9D9553002E5188 /* MainWindow.xib in Resources */,
				27E823290F81D56E0019BE60 /* MYCrypto.xcconfig in Resources */,
				27E8232A0F81D56E0019BE60 /* MYCrypto_Debug.xcconfig in Resources */,
				27E8233C0F81D5760019BE60 /* MYError_CSSMErrorDomain.strings in Resources */,
				27958CA30FDB5F8F00095275 /* iphonedev.cer in Resources */,
				27958CA40FDB5F8F00095275 /* selfsigned.cer in Resources */,
				275ED90F0FDF8C22006A371D /* selfsigned_altered.cer in Resources */,
			);
			runOnlyForDeploymentPostprocessing = 0;
		};
/* End PBXResourcesBuildPhase section */

/* Begin PBXSourcesBuildPhase section */
		1D60588E0D05DD3D006BFB54 /* Sources */ = {
			isa = PBXSourcesBuildPhase;
			buildActionMask = 2147483647;
			files = (
				1D60589B0D05DD56006BFB54 /* MYCrypto_iPhone_main.m in Sources */,
				1D3623260D0F684500981E51 /* MYCrypto_iPhoneAppDelegate.m in Sources */,
				27E823240F81D56E0019BE60 /* MYKeychainItem.m in Sources */,
				27E823270F81D56E0019BE60 /* MYDigest.m in Sources */,
				27E823370F81D5760019BE60 /* CollectionUtils.m in Sources */,
				27E823380F81D5760019BE60 /* ExceptionUtils.m in Sources */,
				27E823390F81D5760019BE60 /* Logging.m in Sources */,
				27E8233A0F81D5760019BE60 /* Test.m in Sources */,
				27E8233B0F81D5760019BE60 /* MYErrorUtils.m in Sources */,
				273392120F8283B8009414D9 /* MYKeychain-iPhone.m in Sources */,
				276FB16E0F84152B00CB326E /* MYCryptoTest.m in Sources */,
				276FB3190F856AA700CB326E /* MYPublicKey.m in Sources */,
				276FB33B0F856ACB00CB326E /* MYKeychain.m in Sources */,
				276FB34B0F856CA400CB326E /* MYCertificate.m in Sources */,
				27A430120F87C6C10063D362 /* MYKey.m in Sources */,
				27A430140F87C6D50063D362 /* MYSymmetricKey.m in Sources */,
				27FE453F0F87CC8500A86D63 /* MYKey-iPhone.m in Sources */,
				2748607F0F8D5E0600FE617B /* MYPrivateKey.m in Sources */,
				27059CF30F8F0F9200A8422F /* MYIdentity.m in Sources */,
				27E3A6AA0F91B8B30079D4D9 /* MYCryptor.m in Sources */,
				274110090F99234100AD413F /* MYSymmetricKey-iPhone.m in Sources */,
				275D9FEF0FD8795300D85A86 /* MYASN1Object.m in Sources */,
				275D9FF00FD8795300D85A86 /* MYBERParser.m in Sources */,
				275D9FF10FD8795300D85A86 /* MYDEREncoder.m in Sources */,
				275D9FF20FD8795300D85A86 /* MYOID.m in Sources */,
				27CD85DD0FDB1A82006BCB47 /* MYCertificateInfo.m in Sources */,
				278CA5320FE6A5D600296E91 /* MYCertificateTest.m in Sources */,
			);
			runOnlyForDeploymentPostprocessing = 0;
		};
/* End PBXSourcesBuildPhase section */

/* Begin XCBuildConfiguration section */
		1D6058940D05DD3E006BFB54 /* Debug */ = {
			isa = XCBuildConfiguration;
			baseConfigurationReference = 27E8231F0F81D56E0019BE60 /* MYCrypto_Debug.xcconfig */;
			buildSettings = {
				ALWAYS_SEARCH_USER_PATHS = NO;
				COPY_PHASE_STRIP = NO;
				GCC_DYNAMIC_NO_PIC = NO;
				GCC_OPTIMIZATION_LEVEL = 0;
				GCC_PRECOMPILE_PREFIX_HEADER = YES;
				GCC_PREFIX_HEADER = MYCrypto_Prefix.pch;
				INFOPLIST_FILE = "iPhone/MYCrypto_iPhone-Info.plist";
				PRODUCT_NAME = "MYCrypto-iPhone";
			};
			name = Debug;
		};
		1D6058950D05DD3E006BFB54 /* Release */ = {
			isa = XCBuildConfiguration;
			baseConfigurationReference = 27E8231E0F81D56E0019BE60 /* MYCrypto.xcconfig */;
			buildSettings = {
				ALWAYS_SEARCH_USER_PATHS = NO;
				COPY_PHASE_STRIP = YES;
				GCC_PRECOMPILE_PREFIX_HEADER = YES;
				GCC_PREFIX_HEADER = MYCrypto_Prefix.pch;
				INFOPLIST_FILE = "MYCrypto_iPhone-Info.plist";
				PRODUCT_NAME = "MYCrypto-iPhone";
			};
			name = Release;
		};
		C01FCF4F08A954540054247B /* Debug */ = {
			isa = XCBuildConfiguration;
			buildSettings = {
				ARCHS = "$(ARCHS_STANDARD_32_BIT)";
				"CODE_SIGN_IDENTITY[sdk=iphoneos*]" = "iPhone Developer: Jens Alfke";
				GCC_C_LANGUAGE_STANDARD = c99;
				GCC_WARN_ABOUT_RETURN_TYPE = YES;
				GCC_WARN_UNUSED_VARIABLE = YES;
				ONLY_ACTIVE_ARCH = YES;
				PREBINDING = NO;
				"PROVISIONING_PROFILE[sdk=iphoneos*]" = "84D61190-B2EB-4F8E-A189-99F18EE9A07E";
				SDKROOT = iphonesimulator2.2.1;
			};
			name = Debug;
		};
		C01FCF5008A954540054247B /* Release */ = {
			isa = XCBuildConfiguration;
			buildSettings = {
				ARCHS = "$(ARCHS_STANDARD_32_BIT)";
				"CODE_SIGN_IDENTITY[sdk=iphoneos*]" = "iPhone Developer";
				GCC_C_LANGUAGE_STANDARD = c99;
				GCC_WARN_ABOUT_RETURN_TYPE = YES;
				GCC_WARN_UNUSED_VARIABLE = YES;
				PREBINDING = NO;
				SDKROOT = iphonesimulator2.2.1;
			};
			name = Release;
		};
/* End XCBuildConfiguration section */

/* Begin XCConfigurationList section */
		1D6058960D05DD3E006BFB54 /* Build configuration list for PBXNativeTarget "MYCrypto-iPhone" */ = {
			isa = XCConfigurationList;
			buildConfigurations = (
				1D6058940D05DD3E006BFB54 /* Debug */,
				1D6058950D05DD3E006BFB54 /* Release */,
			);
			defaultConfigurationIsVisible = 0;
			defaultConfigurationName = Release;
		};
		C01FCF4E08A954540054247B /* Build configuration list for PBXProject "MYCrypto-iPhone" */ = {
			isa = XCConfigurationList;
			buildConfigurations = (
				C01FCF4F08A954540054247B /* Debug */,
				C01FCF5008A954540054247B /* Release */,
			);
			defaultConfigurationIsVisible = 0;
			defaultConfigurationName = Release;
		};
/* End XCConfigurationList section */
	};
	rootObject = 29B97313FDCFA39411CA2CEA /* Project object */;
}
